# This lock file was generated by conda-lock (https://github.com/conda/conda-lock). DO NOT EDIT!
#
# A "lock file" contains a concrete list of package versions (with checksums) to be installed. Unlike
# e.g. `conda env create`, the resulting environment will not change as new package versions become
# available, unless you explicitly update the lock file.
#
# Install this environment as "YOURENV" with:
#     conda-lock install -n YOURENV conda-lock.yml
# To update a single package to the latest version compatible with the version constraints in the source:
#     conda-lock lock  --lockfile conda-lock.yml --update PACKAGE
# To re-solve the entire environment, e.g. after changing a version constraint in the source file:
#     conda-lock -f environment.yml --lockfile conda-lock.yml
version: 1
metadata:
  content_hash:
    win-64: d03dd5029f0fa5337c4100a2a93deb92ccda45bf624cbcf0eed435365c69dfd3
  channels:
  - url: defaults
    used_env_vars: []
  - url: https://repo.anaconda.com/pkgs/main
    used_env_vars: []
  - url: https://repo.anaconda.com/pkgs/r
    used_env_vars: []
  - url: https://repo.anaconda.com/pkgs/msys2
    used_env_vars: []
  platforms:
  - win-64
  sources:
  - environment.yml
package:
- name: bzip2
  version: 1.0.8
  manager: conda
  platform: win-64
  dependencies:
    vc: '>=14.1,<15.0a0'
    vs2015_runtime: '>=14.16.27012,<15.0a0'
  url: https://repo.anaconda.com/pkgs/main/win-64/bzip2-1.0.8-h2bbff1b_6.conda
  hash:
    md5: 33e784123d565c38e68945f07b461282
    sha256: 4e30c9bfd4501555b0859c863e95ea044290babf3bf190b9d4fb38b06cf15c3c
  category: main
  optional: false
- name: ca-certificates
  version: 2025.11.4
  manager: conda
  platform: win-64
  dependencies: {}
  url: https://repo.anaconda.com/pkgs/main/win-64/ca-certificates-2025.11.4-haa95532_0.conda
  hash:
    md5: 4334b57f16e8db7cbb13362f35033757
    sha256: bd84dd7ae232de4abffdb1966fc8726ff34820cae17929c7b9f85bc6d0e6ac3a
  category: main
  optional: false
- name: expat
  version: 2.7.3
  manager: conda
  platform: win-64
  dependencies:
    ucrt: '>=10.0.20348.0'
    vc: '>=14.2,<15'
    vc14_runtime: '>=14.29.30133'
  url: https://repo.anaconda.com/pkgs/main/win-64/expat-2.7.3-h9214b88_0.conda
  hash:
    md5: d5ea5838bd330f5b85ee7b4855ac864c
    sha256: 9bdab313dadd2cf7192b43eed9a2e6679261b99ca98dc010035a87f906d7ec61
  category: main
  optional: false
- name: libffi
  version: 3.4.4
  manager: conda
  platform: win-64
  dependencies:
    vc: '>=14.1,<15.0a0'
    vs2015_runtime: '>=14.16.27012,<15.0a0'
  url: https://repo.anaconda.com/pkgs/main/win-64/libffi-3.4.4-hd77b12b_1.conda
  hash:
    md5: 9807b377e11739ae3e920e10e607e460
    sha256: 43a437fde4c064b2f1be2342a7bc6edccbc13da6a4fb8a44d87e4e6e34c54b63
  category: main
  optional: false
- name: libzlib
  version: 1.3.1
  manager: conda
  platform: win-64
  dependencies:
    ucrt: '>=10.0.20348.0'
    vc: '>=14.2,<15'
    vc14_runtime: '>=14.29.30133'
  url: https://repo.anaconda.com/pkgs/main/win-64/libzlib-1.3.1-h02ab6af_0.conda
  hash:
    md5: 1e313539489432d5edd44efbec8a4d53
    sha256: 0478d0e08e9737e6680343cd26380d8faf4f038bb59170818868cd2fb69e5481
  category: main
  optional: false
- name: openssl
  version: 3.0.18
  manager: conda
  platform: win-64
  dependencies:
    ca-certificates: ''
    ucrt: '>=10.0.20348.0'
    vc: '>=14.2,<15'
    vc14_runtime: '>=14.29.30133'
  url: https://repo.anaconda.com/pkgs/main/win-64/openssl-3.0.18-h543e019_0.conda
  hash:
    md5: d68f698bb2e9ea94b2db5b6d00b3eae5
    sha256: ccf96c9ffe36ba2a525b5834d4068b95da37db4d8d3a7dd492633a6e253e8189
  category: main
  optional: false
- name: pip
  version: '25.2'
  manager: conda
  platform: win-64
  dependencies:
    python: '>=3.9,<3.14.0a0'
    setuptools: ''
    wheel: ''
  url: https://repo.anaconda.com/pkgs/main/noarch/pip-25.2-pyhc872135_1.conda
  hash:
    md5: 67ecf6d546469530f5968a9e2abc685c
    sha256: 6128642d289e2c2ccd4fb4ec474cb3e465ce0c2bc995b306ffc3296f82eb1dec
  category: main
  optional: false
- name: python
  version: 3.12.9
  manager: conda
  platform: win-64
  dependencies:
    bzip2: '>=1.0.8,<2.0a0'
    expat: '>=2.6.4,<3.0a0'
    libffi: '>=3.4,<4.0a0'
    openssl: '>=3.0.15,<4.0a0'
    sqlite: '>=3.45.3,<4.0a0'
    tk: '>=8.6.14,<8.7.0a0'
    tzdata: ''
    vc: '>=14.2,<15.0a0'
    vs2015_runtime: '>=14.29.30133,<15.0a0'
    xz: '>=5.4.6,<6.0a0'
    zlib: '>=1.2.13,<2.0.0a0'
  url: https://repo.anaconda.com/pkgs/main/win-64/python-3.12.9-h14ffc60_0.conda
  hash:
    md5: 4127cd733844d20a6ed9b7c111fc6f59
    sha256: b44945fdcfc4c4839452643ee1ee52b9569db76768ea37f8e56ee76169d3e274
  category: main
  optional: false
- name: setuptools
  version: 80.9.0
  manager: conda
  platform: win-64
  dependencies:
    python: '>=3.12,<3.13.0a0'
  url: https://repo.anaconda.com/pkgs/main/win-64/setuptools-80.9.0-py312haa95532_0.conda
  hash:
    md5: e1fe82c7d268b99ac0169b08f6bcad4c
    sha256: 8a0d731138d56a5f68407ba06d1d9fb8be96fa634509f4420013d9665ec8879a
  category: main
  optional: false
- name: sqlite
  version: 3.51.0
  manager: conda
  platform: win-64
  dependencies:
    ucrt: '>=10.0.20348.0'
    vc: '>=14.2,<15'
    vc14_runtime: '>=14.29.30133'
  url: https://repo.anaconda.com/pkgs/main/win-64/sqlite-3.51.0-hda9a48d_0.conda
  hash:
    md5: 84ab41899e5cf15f983255366b6e2d8e
    sha256: 7ad40b29205c91d5862535994666f456b6423e00763fd13e8e5a424748d42a48
  category: main
  optional: false
- name: tk
  version: 8.6.15
  manager: conda
  platform: win-64
  dependencies:
    ucrt: '>=10.0.20348.0'
    vc: '>=14.2,<15'
    vc14_runtime: '>=14.29.30133'
    zlib: '>=1.2.13,<2.0.0a0'
  url: https://repo.anaconda.com/pkgs/main/win-64/tk-8.6.15-hf199647_0.conda
  hash:
    md5: ddff7b6a72958ef802f40a735e505474
    sha256: 2f7e9d06b513bcabce6d9ae195e45ccf94fd249edfefc591a5430a9f6f92a7fa
  category: main
  optional: false
- name: tzdata
  version: 2025b
  manager: conda
  platform: win-64
  dependencies: {}
  url: https://repo.anaconda.com/pkgs/main/noarch/tzdata-2025b-h04d1e81_0.conda
  hash:
    md5: 1d027393db3427ab22a02aa44a56f143
    sha256: 3c9fefdfb2335e8641642e964cfaf20513d40ec709ab559b47b52d99b2e46fea
  category: main
  optional: false
- name: ucrt
  version: 10.0.22621.0
  manager: conda
  platform: win-64
  dependencies: {}
  url: https://repo.anaconda.com/pkgs/main/win-64/ucrt-10.0.22621.0-haa95532_0.conda
  hash:
    md5: 15e1b10231d7d236520501fcfb440f31
    sha256: 9dfca4fb23f20e62a48b9c52e2fdf4d0d34bb31eb6a930c2195fcd10651b3cc3
  category: main
  optional: false
- name: vc
  version: '14.3'
  manager: conda
  platform: win-64
  dependencies:
    vc14_runtime: '>=14.42.34433'
  url: https://repo.anaconda.com/pkgs/main/win-64/vc-14.3-h2df5915_10.conda
  hash:
    md5: 064c529f6f598fb2225446f76687a170
    sha256: d427b27e553a5caa78284a995ff9c3720b0f213a0e650fe9d3b54b4b4a65f241
  category: main
  optional: false
- name: vc14_runtime
  version: 14.44.35208
  manager: conda
  platform: win-64
  dependencies:
    ucrt: '>=10.0.20348.0'
  url: https://repo.anaconda.com/pkgs/main/win-64/vc14_runtime-14.44.35208-h4927774_10.conda
  hash:
    md5: 13296ea2847729c01c316b089cb28337
    sha256: 747f5d55439e327d3b035c0078be59991ffa5683542fbcecbcc6abcfff50588a
  category: main
  optional: false
- name: vs2015_runtime
  version: 14.44.35208
  manager: conda
  platform: win-64
  dependencies:
    vc14_runtime: '>=14.44.35208'
  url: https://repo.anaconda.com/pkgs/main/win-64/vs2015_runtime-14.44.35208-ha6b5a95_10.conda
  hash:
    md5: 58665d8e606897afb52a202669673c40
    sha256: fa731e65f9c6b7b9559cb93653d067658594f39d2bc5c75cae85ac2385d79d06
  category: main
  optional: false
- name: wheel
  version: 0.45.1
  manager: conda
  platform: win-64
  dependencies:
    python: '>=3.12,<3.13.0a0'
  url: https://repo.anaconda.com/pkgs/main/win-64/wheel-0.45.1-py312haa95532_0.conda
  hash:
    md5: 0296a0ab9bbabf5987ebec42b3c52a30
    sha256: 0f859da8cc25d83be9427ce15a5fb4c3eed0867ce4a6985615f2e45e1ad96d0f
  category: main
  optional: false
- name: xz
  version: 5.6.4
  manager: conda
  platform: win-64
  dependencies:
    vc: '>=14.2,<15.0a0'
    vs2015_runtime: '>=14.29.30133,<15.0a0'
  url: https://repo.anaconda.com/pkgs/main/win-64/xz-5.6.4-h4754444_1.conda
  hash:
    md5: 6036999a3a2c7a3e3739d6b9351fcb0b
    sha256: 767a18adef86909bb374379add4784879d950a49ce2f7502444fd177b43fae33
  category: main
  optional: false
- name: zlib
  version: 1.3.1
  manager: conda
  platform: win-64
  dependencies:
    libzlib: 1.3.1
    ucrt: '>=10.0.20348.0'
    vc: '>=14.2,<15'
    vc14_runtime: '>=14.29.30133'
  url: https://repo.anaconda.com/pkgs/main/win-64/zlib-1.3.1-h02ab6af_0.conda
  hash:
    md5: 4db9b3fbefe915ffb9eef8c812a98c6a
    sha256: 116120d38011eea43cbeeb70e00b0eaa3b1c0a3f470df09aadb0d0b66aebbf60
  category: main
  optional: false
- name: absl-py
  version: 2.2.2
  manager: pip
  platform: win-64
  dependencies: {}
  url: https://files.pythonhosted.org/packages/f6/d4/349f7f4bd5ea92dab34f5bb0fe31775ef6c311427a14d5a5b31ecb442341/absl_py-2.2.2-py3-none-any.whl
  hash:
    sha256: e5797bc6abe45f64fd95dc06394ca3f2bedf3b5d895e9da691c9ee3397d70092
  category: main
  optional: false
- name: alembic
  version: 1.17.1
  manager: pip
  platform: win-64
  dependencies:
    mako: '*'
    sqlalchemy: '>=1.4.0'
    typing-extensions: '>=4.12'
  url: https://files.pythonhosted.org/packages/a5/32/7df1d81ec2e50fb661944a35183d87e62d3f6c6d9f8aff64a4f245226d55/alembic-1.17.1-py3-none-any.whl
  hash:
    sha256: cbc2386e60f89608bb63f30d2d6cc66c7aaed1fe105bd862828600e5ad167023
  category: main
  optional: false
- name: astunparse
  version: 1.6.3
  manager: pip
  platform: win-64
  dependencies:
    six: '>=1.6.1,<2.0'
    wheel: '>=0.23.0,<1.0'
  url: https://files.pythonhosted.org/packages/2b/03/13dde6512ad7b4557eb792fbcf0c653af6076b81e5941d36ec61f7ce6028/astunparse-1.6.3-py2.py3-none-any.whl
  hash:
    sha256: c2652417f2c8b5bb325c885ae329bdf3f86424075c4fd1a128674bc6fba4b8e8
  category: main
  optional: false
- name: certifi
  version: 2025.10.5
  manager: pip
  platform: win-64
  dependencies: {}
  url: https://files.pythonhosted.org/packages/e4/37/af0d2ef3967ac0d6113837b44a4f0bfe1328c2b9763bd5b1744520e5cfed/certifi-2025.10.5-py3-none-any.whl
  hash:
    sha256: 0f212c2744a9bb6de0c56639a6f68afe01ecd92d91f14ae897c4fe7bbeeef0de
  category: main
  optional: false
- name: charset-normalizer
  version: 3.4.4
  manager: pip
  platform: win-64
  dependencies: {}
  url: https://files.pythonhosted.org/packages/3d/2d/1e5ed9dd3b3803994c155cd9aacb60c82c331bad84daf75bcb9c91b3295e/charset_normalizer-3.4.4-cp312-cp312-win_amd64.whl
  hash:
    sha256: a79cfe37875f822425b89a82333404539ae63dbdddf97f84dcbc3d339aae9525
  category: main
  optional: false
- name: clarabel
  version: 0.10.0
  manager: pip
  platform: win-64
  dependencies:
    numpy: '*'
    scipy: '*'
  url: https://files.pythonhosted.org/packages/e6/ba/67a0defb70ed910877049e915e6738fc0432edd5e46b97743ce78a1e5b95/clarabel-0.10.0-cp39-abi3-win_amd64.whl
  hash:
    sha256: 7871b6f499ad66f71d4e7fb40754c4d986d4316f242beb62ff4f63a69785a50c
  category: main
  optional: false
- name: cloudpickle
  version: 3.1.2
  manager: pip
  platform: win-64
  dependencies: {}
  url: https://files.pythonhosted.org/packages/88/39/799be3f2f0f38cc727ee3b4f1445fe6d5e4133064ec2e4115069418a5bb6/cloudpickle-3.1.2-py3-none-any.whl
  hash:
    sha256: 9acb47f6afd73f60dc1df93bb801b472f05ff42fa6c84167d25cb206be1fbf4a
  category: main
  optional: false
- name: colorama
  version: 0.4.6
  manager: pip
  platform: win-64
  dependencies: {}
  url: https://files.pythonhosted.org/packages/d1/d6/3965ed04c63042e047cb6a3e6ed1a63a35087b6a609aa3a15ed8ac56c221/colorama-0.4.6-py2.py3-none-any.whl
  hash:
    sha256: 4f1d9991f5acc0ca119f9d443620b77f9d6b33703e51011c16baf57afb285fc6
  category: main
  optional: false
- name: colorlog
  version: 6.10.1
  manager: pip
  platform: win-64
  dependencies:
    colorama: '*'
  url: https://files.pythonhosted.org/packages/6d/c1/e419ef3723a074172b68aaa89c9f3de486ed4c2399e2dbd8113a4fdcaf9e/colorlog-6.10.1-py3-none-any.whl
  hash:
    sha256: 2d7e8348291948af66122cff006c9f8da6255d224e7cf8e37d8de2df3bad8c9c
  category: main
  optional: false
- name: contourpy
  version: 1.3.2
  manager: pip
  platform: win-64
  dependencies:
    numpy: '>=1.23'
  url: https://files.pythonhosted.org/packages/01/c8/fadd0b92ffa7b5eb5949bf340a63a4a496a6930a6c37a7ba0f12acb076d6/contourpy-1.3.2-cp312-cp312-win_amd64.whl
  hash:
    sha256: 8c942a01d9163e2e5cfb05cb66110121b8d07ad438a17f9e766317bcb62abf73
  category: main
  optional: false
- name: cvxpy
  version: 1.6.5
  manager: pip
  platform: win-64
  dependencies:
    clarabel: '>=0.5.0'
    numpy: '>=1.21.6'
    osqp: '>=0.6.2'
    scipy: '>=1.11.0'
    scs: '>=3.2.4.post1'
  url: https://files.pythonhosted.org/packages/de/0c/d0dd074b17076665e5a28145944c88eac07e8ecf05d8ece9a06dbd495b8b/cvxpy-1.6.5-cp312-cp312-win_amd64.whl
  hash:
    sha256: 436aed23d0ca84df81944018d971cf8bda8f19bfa2362ae3c540313d5183eca6
  category: main
  optional: false
- name: cycler
  version: 0.12.1
  manager: pip
  platform: win-64
  dependencies: {}
  url: https://files.pythonhosted.org/packages/e7/05/c19819d5e3d95294a6f5947fb9b9629efb316b96de511b418c53d245aae6/cycler-0.12.1-py3-none-any.whl
  hash:
    sha256: 85cef7cff222d8644161529808465972e51340599459b8ac3ccbac5a854e0d30
  category: main
  optional: false
- name: et-xmlfile
  version: 2.0.0
  manager: pip
  platform: win-64
  dependencies: {}
  url: https://files.pythonhosted.org/packages/c1/8b/5fe2cc11fee489817272089c4203e679c63b570a5aaeb18d852ae3cbba6a/et_xmlfile-2.0.0-py3-none-any.whl
  hash:
    sha256: 7a91720bc756843502c3b7504c77b8fe44217c85c537d85037f0f536151b2caa
  category: main
  optional: false
- name: flatbuffers
  version: 25.2.10
  manager: pip
  platform: win-64
  dependencies: {}
  url: https://files.pythonhosted.org/packages/b8/25/155f9f080d5e4bc0082edfda032ea2bc2b8fab3f4d25d46c1e9dd22a1a89/flatbuffers-25.2.10-py2.py3-none-any.whl
  hash:
    sha256: ebba5f4d5ea615af3f7fd70fc310636fbb2bbd1f566ac0a23d98dd412de50051
  category: main
  optional: false
- name: fonttools
  version: 4.57.0
  manager: pip
  platform: win-64
  dependencies: {}
  url: https://files.pythonhosted.org/packages/06/5d/1be5424bb305880e1113631f49a55ea7c7da3a5fe02608ca7c16a03a21da/fonttools-4.57.0-cp312-cp312-win_amd64.whl
  hash:
    sha256: 57e30241524879ea10cdf79c737037221f77cc126a8cdc8ff2c94d4a522504b9
  category: main
  optional: false
- name: gast
  version: 0.6.0
  manager: pip
  platform: win-64
  dependencies: {}
  url: https://files.pythonhosted.org/packages/a3/61/8001b38461d751cd1a0c3a6ae84346796a5758123f3ed97a1b121dfbf4f3/gast-0.6.0-py3-none-any.whl
  hash:
    sha256: 52b182313f7330389f72b069ba00f174cfe2a06411099547288839c6cbafbd54
  category: main
  optional: false
- name: google-pasta
  version: 0.2.0
  manager: pip
  platform: win-64
  dependencies:
    six: '*'
  url: https://files.pythonhosted.org/packages/a3/de/c648ef6835192e6e2cc03f40b19eeda4382c49b5bafb43d88b931c4c74ac/google_pasta-0.2.0-py3-none-any.whl
  hash:
    sha256: b32482794a366b5366a32c92a9a9201b107821889935a02b3e51f6b432ea84ed
  category: main
  optional: false
- name: greenlet
  version: 3.2.4
  manager: pip
  platform: win-64
  dependencies: {}
  url: https://files.pythonhosted.org/packages/e9/08/b0814846b79399e585f974bbeebf5580fbe59e258ea7be64d9dfb253c84f/greenlet-3.2.4-cp312-cp312-win_amd64.whl
  hash:
    sha256: a7d4e128405eea3814a12cc2605e0e6aedb4035bf32697f72deca74de4105e02
  category: main
  optional: false
- name: grpcio
  version: 1.72.0
  manager: pip
  platform: win-64
  dependencies: {}
  url: https://files.pythonhosted.org/packages/eb/70/477316005e70e84bcedd9d9cb1e350c8561f2c24c15fa0b4a314a7bc8ec8/grpcio-1.72.0-cp312-cp312-win_amd64.whl
  hash:
    sha256: a66a6f5833c68a9899eaa992ab08ecb43b6e3335f4530f6bd4b6d3c0bc6bcef6
  category: main
  optional: false
- name: h5py
  version: 3.13.0
  manager: pip
  platform: win-64
  dependencies:
    numpy: '>=1.19.3'
  url: https://files.pythonhosted.org/packages/25/61/d897952629cae131c19d4c41b2521e7dd6382f2d7177c87615c2e6dced1a/h5py-3.13.0-cp312-cp312-win_amd64.whl
  hash:
    sha256: 21daf38171753899b5905f3d82c99b0b1ec2cbbe282a037cad431feb620e62ec
  category: main
  optional: false
- name: idna
  version: '3.11'
  manager: pip
  platform: win-64
  dependencies: {}
  url: https://files.pythonhosted.org/packages/0e/61/66938bbb5fc52dbdf84594873d5b51fb1f7c7794e9c0f5bd885f30bc507b/idna-3.11-py3-none-any.whl
  hash:
    sha256: 771a87f49d9defaf64091e6e6fe9c18d4833f140bd19464795bc32d966ca37ea
  category: main
  optional: false
- name: imbalanced-learn
  version: 0.13.0
  manager: pip
  platform: win-64
  dependencies:
    joblib: '>=1.1.1,<2'
    numpy: '>=1.24.3,<3'
    scikit-learn: '>=1.3.2,<2'
    scipy: '>=1.10.1,<2'
    sklearn-compat: '>=0.1,<1'
    threadpoolctl: '>=2.0.0,<4'
  url: https://files.pythonhosted.org/packages/9d/41/721fec82606242a2072ee909086ff918dfad7d0199a9dfd4928df9c72494/imbalanced_learn-0.13.0-py3-none-any.whl
  hash:
    sha256: 7eb5859f7827cb3babfa5789978c22fe36e56527d9c9768df2d864d98d9b40fe
  category: main
  optional: false
- name: jinja2
  version: 3.1.6
  manager: pip
  platform: win-64
  dependencies:
    markupsafe: '>=2.0'
  url: https://files.pythonhosted.org/packages/62/a1/3d680cbfd5f4b8f15abc1d571870c5fc3e594bb582bc3b64ea099db13e56/jinja2-3.1.6-py3-none-any.whl
  hash:
    sha256: 85ece4451f492d0c13c5dd7c13a64681a86afae63a5f347908daf103ce6d2f67
  category: main
  optional: false
- name: joblib
  version: 1.5.2
  manager: pip
  platform: win-64
  dependencies: {}
  url: https://files.pythonhosted.org/packages/1e/e8/685f47e0d754320684db4425a0967f7d3fa70126bffd76110b7009a0090f/joblib-1.5.2-py3-none-any.whl
  hash:
    sha256: 4e1f0bdbb987e6d843c70cf43714cb276623def372df3c22fe5266b2670bc241
  category: main
  optional: false
- name: keras
  version: 3.9.2
  manager: pip
  platform: win-64
  dependencies:
    absl-py: '*'
    h5py: '*'
    ml-dtypes: '*'
    namex: '*'
    numpy: '*'
    optree: '*'
    packaging: '*'
    rich: '*'
  url: https://files.pythonhosted.org/packages/3f/0a/678ebcf4b6dad6ad63dfc2445d190f79a97fa7bc7150f57a6c505459e2bc/keras-3.9.2-py3-none-any.whl
  hash:
    sha256: 404427856c2dc30e38c9fa6fa6a13ffb1844a8c35af312ca32a8e7dea9840f1e
  category: main
  optional: false
- name: kiwisolver
  version: 1.4.9
  manager: pip
  platform: win-64
  dependencies: {}
  url: https://files.pythonhosted.org/packages/a0/41/85d82b0291db7504da3c2defe35c9a8a5c9803a730f297bd823d11d5fb77/kiwisolver-1.4.9-cp312-cp312-win_amd64.whl
  hash:
    sha256: f68208a520c3d86ea51acf688a3e3002615a7f0238002cccc17affecc86a8a54
  category: main
  optional: false
- name: libclang
  version: 18.1.1
  manager: pip
  platform: win-64
  dependencies: {}
  url: https://files.pythonhosted.org/packages/0b/2d/3f480b1e1d31eb3d6de5e3ef641954e5c67430d5ac93b7fa7e07589576c7/libclang-18.1.1-py2.py3-none-win_amd64.whl
  hash:
    sha256: 4dd2d3b82fab35e2bf9ca717d7b63ac990a3519c7e312f19fa8e86dcc712f7fb
  category: main
  optional: false
- name: llvmlite
  version: 0.45.1
  manager: pip
  platform: win-64
  dependencies: {}
  url: https://files.pythonhosted.org/packages/33/94/9ba4ebcf4d541a325fd8098ddc073b663af75cc8b065b6059848f7d4dce7/llvmlite-0.45.1-cp312-cp312-win_amd64.whl
  hash:
    sha256: 9e6c9949baf25d9aa9cd7cf0f6d011b9ca660dd17f5ba2b23bdbdb77cc86b116
  category: main
  optional: false
- name: mako
  version: 1.3.10
  manager: pip
  platform: win-64
  dependencies:
    markupsafe: '>=0.9.2'
  url: https://files.pythonhosted.org/packages/87/fb/99f81ac72ae23375f22b7afdb7642aba97c00a713c217124420147681a2f/mako-1.3.10-py3-none-any.whl
  hash:
    sha256: baef24a52fc4fc514a0887ac600f9f1cff3d82c61d4d700a1fa84d597b88db59
  category: main
  optional: false
- name: markdown
  version: '3.10'
  manager: pip
  platform: win-64
  dependencies: {}
  url: https://files.pythonhosted.org/packages/70/81/54e3ce63502cd085a0c556652a4e1b919c45a446bd1e5300e10c44c8c521/markdown-3.10-py3-none-any.whl
  hash:
    sha256: b5b99d6951e2e4948d939255596523444c0e677c669700b1d17aa4a8a464cb7c
  category: main
  optional: false
- name: markdown-it-py
  version: 4.0.0
  manager: pip
  platform: win-64
  dependencies:
    mdurl: '>=0.1,<1.0'
  url: https://files.pythonhosted.org/packages/94/54/e7d793b573f298e1c9013b8c4dade17d481164aa517d1d7148619c2cedbf/markdown_it_py-4.0.0-py3-none-any.whl
  hash:
    sha256: 87327c59b172c5011896038353a81343b6754500a08cd7a4973bb48c6d578147
  category: main
  optional: false
- name: markupsafe
  version: 3.0.3
  manager: pip
  platform: win-64
  dependencies: {}
  url: https://files.pythonhosted.org/packages/aa/5b/bec5aa9bbbb2c946ca2733ef9c4ca91c91b6a24580193e891b5f7dbe8e1e/markupsafe-3.0.3-cp312-cp312-win_amd64.whl
  hash:
    sha256: 26a5784ded40c9e318cfc2bdb30fe164bdb8665ded9cd64d500a34fb42067b1c
  category: main
  optional: false
- name: matplotlib
  version: 3.10.1
  manager: pip
  platform: win-64
  dependencies:
    contourpy: '>=1.0.1'
    cycler: '>=0.10'
    fonttools: '>=4.22.0'
    kiwisolver: '>=1.3.1'
    numpy: '>=1.23'
    packaging: '>=20.0'
    pillow: '>=8'
    pyparsing: '>=2.3.1'
    python-dateutil: '>=2.7'
  url: https://files.pythonhosted.org/packages/a6/b6/a9405484fb40746fdc6ae4502b16a9d6e53282ba5baaf9ebe2da579f68c4/matplotlib-3.10.1-cp312-cp312-win_amd64.whl
  hash:
    sha256: cfd414bce89cc78a7e1d25202e979b3f1af799e416010a20ab2b5ebb3a02425c
  category: main
  optional: false
- name: mdurl
  version: 0.1.2
  manager: pip
  platform: win-64
  dependencies: {}
  url: https://files.pythonhosted.org/packages/b3/38/89ba8ad64ae25be8de66a6d463314cf1eb366222074cfda9ee839c56a4b4/mdurl-0.1.2-py3-none-any.whl
  hash:
    sha256: 84008a41e51615a49fc9966191ff91509e3c40b939176e643fd50a5c2196b8f8
  category: main
  optional: false
- name: ml-dtypes
  version: 0.5.1
  manager: pip
  platform: win-64
  dependencies:
    numpy: '>=1.26.0'
  url: https://files.pythonhosted.org/packages/38/bc/c4260e4a6c6bf684d0313308de1c860467275221d5e7daf69b3fcddfdd0b/ml_dtypes-0.5.1-cp312-cp312-win_amd64.whl
  hash:
    sha256: 9626d0bca1fb387d5791ca36bacbba298c5ef554747b7ebeafefb4564fc83566
  category: main
  optional: false
- name: namex
  version: 0.1.0
  manager: pip
  platform: win-64
  dependencies: {}
  url: https://files.pythonhosted.org/packages/b2/bc/465daf1de06409cdd4532082806770ee0d8d7df434da79c76564d0f69741/namex-0.1.0-py3-none-any.whl
  hash:
    sha256: e2012a474502f1e2251267062aae3114611f07df4224b6e06334c57b0f2ce87c
  category: main
  optional: false
- name: numba
  version: 0.62.1
  manager: pip
  platform: win-64
  dependencies:
    llvmlite: ==0.45.*
    numpy: '>=1.22,<2.4'
  url: https://files.pythonhosted.org/packages/80/44/79bfdab12a02796bf4f1841630355c82b5a69933b1d50eb15c7fa37dabe8/numba-0.62.1-cp312-cp312-win_amd64.whl
  hash:
    sha256: 44e3aa6228039992f058f5ebfcfd372c83798e9464297bdad8cc79febcf7891e
  category: main
  optional: false
- name: numpy
  version: 1.26.4
  manager: pip
  platform: win-64
  dependencies: {}
  url: https://files.pythonhosted.org/packages/16/2e/86f24451c2d530c88daf997cb8d6ac622c1d40d19f5a031ed68a4b73a374/numpy-1.26.4-cp312-cp312-win_amd64.whl
  hash:
    sha256: 08beddf13648eb95f8d867350f6a018a4be2e5ad54c8d8caed89ebca558b2818
  category: main
  optional: false
- name: openpyxl
  version: 3.1.5
  manager: pip
  platform: win-64
  dependencies:
    et-xmlfile: '*'
  url: https://files.pythonhosted.org/packages/c0/da/977ded879c29cbd04de313843e76868e6e13408a94ed6b987245dc7c8506/openpyxl-3.1.5-py2.py3-none-any.whl
  hash:
    sha256: 5282c12b107bffeef825f4617dc029afaf41d0ea60823bbb665ef3079dc79de2
  category: main
  optional: false
- name: opt-einsum
  version: 3.4.0
  manager: pip
  platform: win-64
  dependencies: {}
  url: https://files.pythonhosted.org/packages/23/cd/066e86230ae37ed0be70aae89aabf03ca8d9f39c8aea0dec8029455b5540/opt_einsum-3.4.0-py3-none-any.whl
  hash:
    sha256: 69bb92469f86a1565195ece4ac0323943e83477171b91d24c35afe028a90d7cd
  category: main
  optional: false
- name: optree
  version: 0.17.0
  manager: pip
  platform: win-64
  dependencies:
    typing-extensions: '>=4.6.0'
  url: https://files.pythonhosted.org/packages/eb/f1/aecb0199d269ad8ea41a86182474f98378a72681facbd6a06e94c23a2d02/optree-0.17.0-cp312-cp312-win_amd64.whl
  hash:
    sha256: c3a21109f635ce353d116ed1d77a7dfd77b898bcdaccef3bf74881ce7d6d54d8
  category: main
  optional: false
- name: optuna
  version: 4.3.0
  manager: pip
  platform: win-64
  dependencies:
    alembic: '>=1.5.0'
    colorlog: '*'
    numpy: '*'
    packaging: '>=20.0'
    pyyaml: '*'
    sqlalchemy: '>=1.4.2'
    tqdm: '*'
  url: https://files.pythonhosted.org/packages/d9/dd/0b593d1a5ee431b33a1fdf4ddb5911c312ed3bb598ef9e17457af2ee7b34/optuna-4.3.0-py3-none-any.whl
  hash:
    sha256: 0ea1a01c99c09cbdf3e2dcd9af01dea86778d9fa20ca26f0238a98e7462d8dcb
  category: main
  optional: false
- name: osqp
  version: 1.0.3
  manager: pip
  platform: win-64
  dependencies:
    jinja2: '*'
    joblib: '*'
    numpy: '>=1.7'
    scipy: '>=0.13.2'
    setuptools: '*'
  url: https://files.pythonhosted.org/packages/04/5b/6a997111d58224ce78350676cc1c337f945c019a042fa1eef195493d2a40/osqp-1.0.3-cp312-cp312-win_amd64.whl
  hash:
    sha256: ec9ca611cb8372ff1a658a2f9d4e47a401401f75b95bbc7f06489090dbd259fe
  category: main
  optional: false
- name: packaging
  version: '25.0'
  manager: pip
  platform: win-64
  dependencies: {}
  url: https://files.pythonhosted.org/packages/20/12/38679034af332785aac8774540895e234f4d07f7545804097de4b666afd8/packaging-25.0-py3-none-any.whl
  hash:
    sha256: 29572ef2b1f17581046b3a2227d5c611fb25ec70ca1ba8554b24b0e69331a484
  category: main
  optional: false
- name: pandas
  version: 2.2.3
  manager: pip
  platform: win-64
  dependencies:
    numpy: '>=1.26.0'
    python-dateutil: '>=2.8.2'
    pytz: '>=2020.1'
    tzdata: '>=2022.7'
  url: https://files.pythonhosted.org/packages/29/d4/1244ab8edf173a10fd601f7e13b9566c1b525c4f365d6bee918e68381889/pandas-2.2.3-cp312-cp312-win_amd64.whl
  hash:
    sha256: 59ef3764d0fe818125a5097d2ae867ca3fa64df032331b7e0917cf5d7bf66b13
  category: main
  optional: false
- name: patsy
  version: 1.0.2
  manager: pip
  platform: win-64
  dependencies:
    numpy: '>=1.4'
  url: https://files.pythonhosted.org/packages/f1/70/ba4b949bdc0490ab78d545459acd7702b211dfccf7eb89bbc1060f52818d/patsy-1.0.2-py2.py3-none-any.whl
  hash:
    sha256: 37bfddbc58fcf0362febb5f54f10743f8b21dd2aa73dec7e7ef59d1b02ae668a
  category: main
  optional: false
- name: pillow
  version: 11.2.1
  manager: pip
  platform: win-64
  dependencies: {}
  url: https://files.pythonhosted.org/packages/7c/18/24bff2ad716257fc03da964c5e8f05d9790a779a8895d6566e493ccf0189/pillow-11.2.1-cp312-cp312-win_amd64.whl
  hash:
    sha256: 14e33b28bf17c7a38eede290f77db7c664e4eb01f7869e37fa98a5aa95978941
  category: main
  optional: false
- name: protobuf
  version: 5.29.5
  manager: pip
  platform: win-64
  dependencies: {}
  url: https://files.pythonhosted.org/packages/81/7f/73cefb093e1a2a7c3ffd839e6f9fcafb7a427d300c7f8aef9c64405d8ac6/protobuf-5.29.5-cp310-abi3-win_amd64.whl
  hash:
    sha256: 3f76e3a3675b4a4d867b52e4a5f5b78a2ef9565549d4037e06cf7b0942b1d3fc
  category: main
  optional: false
- name: pyarrow
  version: 20.0.0
  manager: pip
  platform: win-64
  dependencies: {}
  url: https://files.pythonhosted.org/packages/a0/8e/9adee63dfa3911be2382fb4d92e4b2e7d82610f9d9f668493bebaa2af50f/pyarrow-20.0.0-cp312-cp312-win_amd64.whl
  hash:
    sha256: 96d6a0a37d9c98be08f5ed6a10831d88d52cac7b13f5287f1e0f625a0de8062b
  category: main
  optional: false
- name: pygments
  version: 2.19.2
  manager: pip
  platform: win-64
  dependencies: {}
  url: https://files.pythonhosted.org/packages/c7/21/705964c7812476f378728bdf590ca4b771ec72385c533964653c68e86bdc/pygments-2.19.2-py3-none-any.whl
  hash:
    sha256: 86540386c03d588bb81d44bc3928634ff26449851e99741617ecb9037ee5ec0b
  category: main
  optional: false
- name: pyparsing
  version: 3.2.5
  manager: pip
  platform: win-64
  dependencies: {}
  url: https://files.pythonhosted.org/packages/10/5e/1aa9a93198c6b64513c9d7752de7422c06402de6600a8767da1524f9570b/pyparsing-3.2.5-py3-none-any.whl
  hash:
    sha256: e38a4f02064cf41fe6593d328d0512495ad1f3d8a91c4f73fc401b3079a59a5e
  category: main
  optional: false
- name: python-dateutil
  version: 2.9.0.post0
  manager: pip
  platform: win-64
  dependencies:
    six: '>=1.5'
  url: https://files.pythonhosted.org/packages/ec/57/56b9bcc3c9c6a792fcbaf139543cee77261f3651ca9da0c93f5c1221264b/python_dateutil-2.9.0.post0-py2.py3-none-any.whl
  hash:
    sha256: a8b2bc7bffae282281c8140a97d3aa9c14da0b136dfe83f850eea9a5f7470427
  category: main
  optional: false
- name: pytz
  version: '2025.2'
  manager: pip
  platform: win-64
  dependencies: {}
  url: https://files.pythonhosted.org/packages/81/c4/34e93fe5f5429d7570ec1fa436f1986fb1f00c3e0f43a589fe2bbcd22c3f/pytz-2025.2-py2.py3-none-any.whl
  hash:
    sha256: 5ddf76296dd8c44c26eb8f4b6f35488f3ccbf6fbbd7adee0b7262d43f0ec2f00
  category: main
  optional: false
- name: pyyaml
  version: 6.0.3
  manager: pip
  platform: win-64
  dependencies: {}
  url: https://files.pythonhosted.org/packages/86/bf/899e81e4cce32febab4fb42bb97dcdf66bc135272882d1987881a4b519e9/pyyaml-6.0.3-cp312-cp312-win_amd64.whl
  hash:
    sha256: 5fcd34e47f6e0b794d17de1b4ff496c00986e1c83f7ab2fb8fcfe9616ff7477b
  category: main
  optional: false
- name: requests
  version: 2.32.5
  manager: pip
  platform: win-64
  dependencies:
    certifi: '>=2017.4.17'
    charset-normalizer: '>=2,<4'
    idna: '>=2.5,<4'
    urllib3: '>=1.21.1,<3'
  url: https://files.pythonhosted.org/packages/1e/db/4254e3eabe8020b458f1a747140d32277ec7a271daf1d235b70dc0b4e6e3/requests-2.32.5-py3-none-any.whl
  hash:
    sha256: 2462f94637a34fd532264295e186976db0f5d453d1cdd31473c85a6a161affb6
  category: main
  optional: false
- name: rich
  version: 14.2.0
  manager: pip
  platform: win-64
  dependencies:
    markdown-it-py: '>=2.2.0'
    pygments: '>=2.13.0,<3.0.0'
  url: https://files.pythonhosted.org/packages/25/7a/b0178788f8dc6cafce37a212c99565fa1fe7872c70c6c9c1e1a372d9d88f/rich-14.2.0-py3-none-any.whl
  hash:
    sha256: 76bc51fe2e57d2b1be1f96c524b890b816e334ab4c1e45888799bfaab0021edd
  category: main
  optional: false
- name: scikit-learn
  version: 1.6.1
  manager: pip
  platform: win-64
  dependencies:
    joblib: '>=1.2.0'
    numpy: '>=1.19.5'
    scipy: '>=1.6.0'
    threadpoolctl: '>=3.1.0'
  url: https://files.pythonhosted.org/packages/62/27/585859e72e117fe861c2079bcba35591a84f801e21bc1ab85bce6ce60305/scikit_learn-1.6.1-cp312-cp312-win_amd64.whl
  hash:
    sha256: 70b1d7e85b1c96383f872a519b3375f92f14731e279a7b4c6cfd650cf5dffc52
  category: main
  optional: false
- name: scipy
  version: 1.15.2
  manager: pip
  platform: win-64
  dependencies:
    numpy: '>=1.23.5,<2.5'
  url: https://files.pythonhosted.org/packages/f5/6f/e6e5aff77ea2a48dd96808bb51d7450875af154ee7cbe72188afb0b37929/scipy-1.15.2-cp312-cp312-win_amd64.whl
  hash:
    sha256: e7c68b6a43259ba0aab737237876e5c2c549a031ddb7abc28c7b47f22e202ded
  category: main
  optional: false
- name: scs
  version: 3.2.9
  manager: pip
  platform: win-64
  dependencies:
    numpy: '*'
    scipy: '*'
  url: https://files.pythonhosted.org/packages/ea/64/fd0fca73d492657fdf97c1a335138b377675bc2b1539c90b571369148ac8/scs-3.2.9-cp312-cp312-win_amd64.whl
  hash:
    sha256: e35cb089d536bc001a53fa708a40db0e6c304f1a318b623be3779db89d3411e7
  category: main
  optional: false
- name: seaborn
  version: 0.13.2
  manager: pip
  platform: win-64
  dependencies:
    matplotlib: '>=3.4,<3.6.1 || >3.6.1'
    numpy: '>=1.20,<1.24.0 || >1.24.0'
    pandas: '>=1.2'
  url: https://files.pythonhosted.org/packages/83/11/00d3c3dfc25ad54e731d91449895a79e4bf2384dc3ac01809010ba88f6d5/seaborn-0.13.2-py3-none-any.whl
  hash:
    sha256: 636f8336facf092165e27924f223d3c62ca560b1f2bb5dff7ab7fad265361987
  category: main
  optional: false
- name: setuptools
  version: 75.8.0
  manager: pip
  platform: win-64
  dependencies: {}
  url: https://files.pythonhosted.org/packages/69/8a/b9dc7678803429e4a3bc9ba462fa3dd9066824d3c607490235c6a796be5a/setuptools-75.8.0-py3-none-any.whl
  hash:
    sha256: e3982f444617239225d675215d51f6ba05f845d4eec313da4418fdbb56fb27e3
  category: main
  optional: false
- name: shap
  version: 0.47.2
  manager: pip
  platform: win-64
  dependencies:
    cloudpickle: '*'
    numba: '>=0.54'
    numpy: '*'
    packaging: '>20.9'
    pandas: '*'
    scikit-learn: '*'
    scipy: '*'
    slicer: 0.0.8
    tqdm: '>=4.27.0'
    typing-extensions: '*'
  url: https://files.pythonhosted.org/packages/f1/43/dd076925ec7544f14cd264cdc2019267bb26029d07e483027d6bddf19630/shap-0.47.2-cp312-cp312-win_amd64.whl
  hash:
    sha256: 93be4e3fe4cc59582d6096c626b1443e30bcee2c7adda40af9d09ee0721647bc
  category: main
  optional: false
- name: six
  version: 1.17.0
  manager: pip
  platform: win-64
  dependencies: {}
  url: https://files.pythonhosted.org/packages/b7/ce/149a00dd41f10bc29e5921b496af8b574d8413afcd5e30dfa0ed46c2cc5e/six-1.17.0-py2.py3-none-any.whl
  hash:
    sha256: 4721f391ed90541fddacab5acf947aa0d3dc7d27b2e1e8eda2be8970586c3274
  category: main
  optional: false
- name: sklearn-compat
  version: 0.1.4
  manager: pip
  platform: win-64
  dependencies:
    scikit-learn: '>=1.2,<1.8'
  url: https://files.pythonhosted.org/packages/00/64/346871fcba54a80cab40179d1b2703a16ef685ad6c3ec6272a3fa03bc934/sklearn_compat-0.1.4-py3-none-any.whl
  hash:
    sha256: 52b67b2e6cd3117f690fbfb5a522b633da6c6dd22da54f03b946f2ecc6b146eb
  category: main
  optional: false
- name: slicer
  version: 0.0.8
  manager: pip
  platform: win-64
  dependencies: {}
  url: https://files.pythonhosted.org/packages/63/81/9ef641ff4e12cbcca30e54e72fb0951a2ba195d0cda0ba4100e532d929db/slicer-0.0.8-py3-none-any.whl
  hash:
    sha256: 6c206258543aecd010d497dc2eca9d2805860a0b3758673903456b7df7934dc3
  category: main
  optional: false
- name: sqlalchemy
  version: 2.0.44
  manager: pip
  platform: win-64
  dependencies:
    greenlet: '>=1'
    typing-extensions: '>=4.6.0'
  url: https://files.pythonhosted.org/packages/25/83/24690e9dfc241e6ab062df82cc0df7f4231c79ba98b273fa496fb3dd78ed/sqlalchemy-2.0.44-cp312-cp312-win_amd64.whl
  hash:
    sha256: 7cbcb47fd66ab294703e1644f78971f6f2f1126424d2b300678f419aa73c7b6e
  category: main
  optional: false
- name: statsmodels
  version: 0.14.5
  manager: pip
  platform: win-64
  dependencies:
    numpy: '>=1.22.3,<3'
    packaging: '>=21.3'
    pandas: '>=1.4,<2.1.0 || >2.1.0'
    patsy: '>=0.5.6'
    scipy: '>=1.8,<1.9.2 || >1.9.2'
  url: https://files.pythonhosted.org/packages/df/4c/2feda3a9f0e17444a84ba5398ada6a4d2e1b8f832760048f04e2b8ea0c41/statsmodels-0.14.5-cp312-cp312-win_amd64.whl
  hash:
    sha256: b2ed065bfbaf8bb214c7201656df840457c2c8c65e1689e3eb09dc7440f9c61c
  category: main
  optional: false
- name: tensorboard
  version: 2.19.0
  manager: pip
  platform: win-64
  dependencies:
    absl-py: '>=0.4'
    grpcio: '>=1.48.2'
    markdown: '>=2.6.8'
    numpy: '>=1.12.0'
    packaging: '*'
    protobuf: '>=3.19.6,<4.24.0 || >4.24.0'
    setuptools: '>=41.0.0'
    six: '>1.9'
    tensorboard-data-server: '>=0.7.0,<0.8.0'
    werkzeug: '>=1.0.1'
  url: https://files.pythonhosted.org/packages/5d/12/4f70e8e2ba0dbe72ea978429d8530b0333f0ed2140cc571a48802878ef99/tensorboard-2.19.0-py3-none-any.whl
  hash:
    sha256: 5e71b98663a641a7ce8a6e70b0be8e1a4c0c45d48760b076383ac4755c35b9a0
  category: main
  optional: false
- name: tensorboard-data-server
  version: 0.7.2
  manager: pip
  platform: win-64
  dependencies: {}
  url: https://files.pythonhosted.org/packages/7a/13/e503968fefabd4c6b2650af21e110aa8466fe21432cd7c43a84577a89438/tensorboard_data_server-0.7.2-py3-none-any.whl
  hash:
    sha256: 7e0610d205889588983836ec05dc098e80f97b7e7bbff7e994ebb78f578d0ddb
  category: main
  optional: false
- name: tensorflow
  version: 2.19.0
  manager: pip
  platform: win-64
  dependencies:
    absl-py: '>=1.0.0'
    astunparse: '>=1.6.0'
    flatbuffers: '>=24.3.25'
    gast: '>=0.2.1,<0.5.0 || >0.5.0,<0.5.1 || >0.5.1,<0.5.2 || >0.5.2'
    google-pasta: '>=0.1.1'
    grpcio: '>=1.24.3,<2.0'
    h5py: '>=3.11.0'
    keras: '>=3.5.0'
    libclang: '>=13.0.0'
    ml-dtypes: '>=0.5.1,<1.0.0'
    numpy: '>=1.26.0,<2.2.0'
    opt-einsum: '>=2.3.2'
    packaging: '*'
    protobuf: '>=3.20.3,<4.21.0 || >4.21.0,<4.21.1 || >4.21.1,<4.21.2 || >4.21.2,<4.21.3
      || >4.21.3,<4.21.4 || >4.21.4,<4.21.5 || >4.21.5,<6.0.0dev'
    requests: '>=2.21.0,<3'
    setuptools: '*'
    six: '>=1.12.0'
    tensorboard: '>=2.19.0,<2.20.0'
    termcolor: '>=1.1.0'
    typing-extensions: '>=3.6.6'
    wrapt: '>=1.11.0'
  url: https://files.pythonhosted.org/packages/5c/98/d145af334fd5807d6ba1ead447bf0c57a36654ea58e726d70c0d09cae913/tensorflow-2.19.0-cp312-cp312-win_amd64.whl
  hash:
    sha256: 5eae58946f5a22f4d5656a95e54c5d7aae5a5483c388922a207667d8858c37b9
  category: main
  optional: false
- name: termcolor
  version: 3.0.1
  manager: pip
  platform: win-64
  dependencies: {}
  url: https://files.pythonhosted.org/packages/a6/7e/a574ccd49ad07e8b117407bac361f1e096b01f1b620365daf60ff702c936/termcolor-3.0.1-py3-none-any.whl
  hash:
    sha256: da1ed4ec8a5dc5b2e17476d859febdb3cccb612be1c36e64511a6f2485c10c69
  category: main
  optional: false
- name: threadpoolctl
  version: 3.6.0
  manager: pip
  platform: win-64
  dependencies: {}
  url: https://files.pythonhosted.org/packages/32/d5/f9a850d79b0851d1d4ef6456097579a9005b31fea68726a4ae5f2d82ddd9/threadpoolctl-3.6.0-py3-none-any.whl
  hash:
    sha256: 43a0b8fd5a2928500110039e43a5eed8480b918967083ea48dc3ab9f13c4a7fb
  category: main
  optional: false
- name: tqdm
  version: 4.67.1
  manager: pip
  platform: win-64
  dependencies:
    colorama: '*'
  url: https://files.pythonhosted.org/packages/d0/30/dc54f88dd4a2b5dc8a0279bdd7270e735851848b762aeb1c1184ed1f6b14/tqdm-4.67.1-py3-none-any.whl
  hash:
    sha256: 26445eca388f82e72884e0d580d5464cd801a3ea01e63e5601bdff9ba6a48de2
  category: main
  optional: false
- name: typing-extensions
  version: 4.15.0
  manager: pip
  platform: win-64
  dependencies: {}
  url: https://files.pythonhosted.org/packages/18/67/36e9267722cc04a6b9f15c7f3441c2363321a3ea07da7ae0c0707beb2a9c/typing_extensions-4.15.0-py3-none-any.whl
  hash:
    sha256: f0fa19c6845758ab08074a0cfa8b7aecb71c999ca73d62883bc25cc018c4e548
  category: main
  optional: false
- name: tzdata
  version: '2025.2'
  manager: pip
  platform: win-64
  dependencies: {}
  url: https://files.pythonhosted.org/packages/5c/23/c7abc0ca0a1526a0774eca151daeb8de62ec457e77262b66b359c3c7679e/tzdata-2025.2-py2.py3-none-any.whl
  hash:
    sha256: 1a403fada01ff9221ca8044d701868fa132215d84beb92242d9acd2147f667a8
  category: main
  optional: false
- name: urllib3
  version: 2.5.0
  manager: pip
  platform: win-64
  dependencies: {}
  url: https://files.pythonhosted.org/packages/a7/c2/fe1e52489ae3122415c51f387e221dd0773709bad6c6cdaa599e8a2c5185/urllib3-2.5.0-py3-none-any.whl
  hash:
    sha256: e6b01673c0fa6a13e374b50871808eb3bf7046c4b125b216f6bf1cc604cff0dc
  category: main
  optional: false
- name: werkzeug
  version: 3.1.3
  manager: pip
  platform: win-64
  dependencies:
    markupsafe: '>=2.1.1'
  url: https://files.pythonhosted.org/packages/52/24/ab44c871b0f07f491e5d2ad12c9bd7358e527510618cb1b803a88e986db1/werkzeug-3.1.3-py3-none-any.whl
  hash:
    sha256: 54b78bf3716d19a65be4fceccc0d1d7b89e608834989dfae50ea87564639213e
  category: main
  optional: false
- name: wrapt
  version: 2.0.1
  manager: pip
  platform: win-64
  dependencies: {}
  url: https://files.pythonhosted.org/packages/a7/36/715ec5076f925a6be95f37917b66ebbeaa1372d1862c2ccd7a751574b068/wrapt-2.0.1-cp312-cp312-win_amd64.whl
  hash:
    sha256: 2da620b31a90cdefa9cd0c2b661882329e2e19d1d7b9b920189956b76c564d75
  category: main
  optional: false
- name: xgboost
  version: 3.0.0
  manager: pip
  platform: win-64
  dependencies:
    numpy: '*'
    scipy: '*'
  url: https://files.pythonhosted.org/packages/5e/03/15cd49e855c62226ecf1831bbe4c8e73a4324856077a23c495538a36e557/xgboost-3.0.0-py3-none-win_amd64.whl
  hash:
    sha256: 0ea74e97f95b1eddfd27a46b7f22f72ec5a5322e1dc7cb41c9c23fb580763df9
  category: main
  optional: false
